
Microsoft Visual Studio Solution File, Format Version 12.00
# Visual Studio 14
VisualStudioVersion = 14.0.25123.0
MinimumVisualStudioVersion = 10.0.40219.1
Project("{FAE04EC0-301F-11D3-BF4B-00C04F79EFBC}") = "CryptAware", "deviaretest\CryptAware.csproj", "{895B696E-49F1-4CDD-A086-CC0B184A4E03}"
EndProject
Project("{8BC9CEB8-8B4A-11D0-8D11-00A0C91BC942}") = "crypttest", "crypttest\crypttest.vcxproj", "{B0205E25-D0B8-42EC-9571-E4DBEFE1DFFF}"
EndProject
Project("{8BC9CEB8-8B4A-11D0-8D11-00A0C91BC942}") = "memfinder", "memfinder\memfinder.vcxproj", "{77953226-F1CA-4F00-A3D0-7F43DB885691}"
EndProject
Global
	GlobalSection(SolutionConfigurationPlatforms) = preSolution
		Debug|Any CPU = Debug|Any CPU
		Debug|x64 = Debug|x64
		Debug|x86 = Debug|x86
		Release|Any CPU = Release|Any CPU
		Release|x64 = Release|x64
		Release|x86 = Release|x86
	EndGlobalSection
	GlobalSection(ProjectConfigurationPlatforms) = postSolution
		{895B696E-49F1-4CDD-A086-CC0B184A4E03}.Debug|Any CPU.ActiveCfg = Debug|Any CPU
		{895B696E-49F1-4CDD-A086-CC0B184A4E03}.Debug|Any CPU.Build.0 = Debug|Any CPU
		{895B696E-49F1-4CDD-A086-CC0B184A4E03}.Debug|x64.ActiveCfg = Debug|Any CPU
		{895B696E-49F1-4CDD-A086-CC0B184A4E03}.Debug|x64.Build.0 = Debug|Any CPU
		{895B696E-49F1-4CDD-A086-CC0B184A4E03}.Debug|x86.ActiveCfg = Debug|x86
		{895B696E-49F1-4CDD-A086-CC0B184A4E03}.Debug|x86.Build.0 = Debug|x86
		{895B696E-49F1-4CDD-A086-CC0B184A4E03}.Release|Any CPU.ActiveCfg = Release|Any CPU
		{895B696E-49F1-4CDD-A086-CC0B184A4E03}.Release|Any CPU.Build.0 = Release|Any CPU
		{895B696E-49F1-4CDD-A086-CC0B184A4E03}.Release|x64.ActiveCfg = Release|Any CPU
		{895B696E-49F1-4CDD-A086-CC0B184A4E03}.Release|x64.Build.0 = Release|Any CPU
		{895B696E-49F1-4CDD-A086-CC0B184A4E03}.Release|x86.ActiveCfg = Release|x86
		{895B696E-49F1-4CDD-A086-CC0B184A4E03}.Release|x86.Build.0 = Release|x86
		{B0205E25-D0B8-42EC-9571-E4DBEFE1DFFF}.Debug|Any CPU.ActiveCfg = Debug|Win32
		{B0205E25-D0B8-42EC-9571-E4DBEFE1DFFF}.Debug|x64.ActiveCfg = Debug|x64
		{B0205E25-D0B8-42EC-9571-E4DBEFE1DFFF}.Debug|x64.Build.0 = Debug|x64
		{B0205E25-D0B8-42EC-9571-E4DBEFE1DFFF}.Debug|x86.ActiveCfg = Debug|Win32
		{B0205E25-D0B8-42EC-9571-E4DBEFE1DFFF}.Debug|x86.Build.0 = Debug|Win32
		{B0205E25-D0B8-42EC-9571-E4DBEFE1DFFF}.Release|Any CPU.ActiveCfg = Release|Win32
		{B0205E25-D0B8-42EC-9571-E4DBEFE1DFFF}.Release|x64.ActiveCfg = Release|x64
		{B0205E25-D0B8-42EC-9571-E4DBEFE1DFFF}.Release|x64.Build.0 = Release|x64
		{B0205E25-D0B8-42EC-9571-E4DBEFE1DFFF}.Release|x86.ActiveCfg = Release|Win32
		{B0205E25-D0B8-42EC-9571-E4DBEFE1DFFF}.Release|x86.Build.0 = Release|Win32
		{77953226-F1CA-4F00-A3D0-7F43DB885691}.Debug|Any CPU.ActiveCfg = Debug|Win32
		{77953226-F1CA-4F00-A3D0-7F43DB885691}.Debug|x64.ActiveCfg = Debug|x64
		{77953226-F1CA-4F00-A3D0-7F43DB885691}.Debug|x64.Build.0 = Debug|x64
		{77953226-F1CA-4F00-A3D0-7F43DB885691}.Debug|x86.ActiveCfg = Debug|Win32
		{77953226-F1CA-4F00-A3D0-7F43DB885691}.Debug|x86.Build.0 = Debug|Win32
		{77953226-F1CA-4F00-A3D0-7F43DB885691}.Release|Any CPU.ActiveCfg = Release|Win32
		{77953226-F1CA-4F00-A3D0-7F43DB885691}.Release|x64.ActiveCfg = Release|x64
		{77953226-F1CA-4F00-A3D0-7F43DB885691}.Release|x64.Build.0 = Release|x64
		{77953226-F1CA-4F00-A3D0-7F43DB885691}.Release|x86.ActiveCfg = Release|Win32
		{77953226-F1CA-4F00-A3D0-7F43DB885691}.Release|x86.Build.0 = Release|Win32
	EndGlobalSection
	GlobalSection(SolutionProperties) = preSolution
		HideSolutionNode = FALSE
	EndGlobalSection
EndGlobal
